
Microsoft Visual Studio Solution File, Format Version 12.00
# Visual Studio 2012
Project("{FAE04EC0-301F-11D3-BF4B-00C04F79EFBC}") = "PMT2", "PMT2\PMT2.csproj", "{1FE7107A-FF0A-4244-8E52-22B5E7CE9094}"
EndProject
Global
	GlobalSection(SolutionConfigurationPlatforms) = preSolution
		Debug|iPhoneSimulator = Debug|iPhoneSimulator
		Release|iPhone = Release|iPhone
		Release|iPhoneSimulator = Release|iPhoneSimulator
		Debug|iPhone = Debug|iPhone
	EndGlobalSection
	GlobalSection(ProjectConfigurationPlatforms) = postSolution
		{1FE7107A-FF0A-4244-8E52-22B5E7CE9094}.Debug|iPhoneSimulator.ActiveCfg = Debug|iPhoneSimulator
		{1FE7107A-FF0A-4244-8E52-22B5E7CE9094}.Debug|iPhoneSimulator.Build.0 = Debug|iPhoneSimulator
		{1FE7107A-FF0A-4244-8E52-22B5E7CE9094}.Release|iPhone.ActiveCfg = Release|iPhone
		{1FE7107A-FF0A-4244-8E52-22B5E7CE9094}.Release|iPhone.Build.0 = Release|iPhone
		{1FE7107A-FF0A-4244-8E52-22B5E7CE9094}.Release|iPhoneSimulator.ActiveCfg = Release|iPhoneSimulator
		{1FE7107A-FF0A-4244-8E52-22B5E7CE9094}.Release|iPhoneSimulator.Build.0 = Release|iPhoneSimulator
		{1FE7107A-FF0A-4244-8E52-22B5E7CE9094}.Debug|iPhone.ActiveCfg = Debug|iPhone
		{1FE7107A-FF0A-4244-8E52-22B5E7CE9094}.Debug|iPhone.Build.0 = Debug|iPhone
	EndGlobalSection
EndGlobal
